# THIS IS AN AUTOGENERATED FILE. DO NOT EDIT THIS FILE DIRECTLY.
# yarn lockfile v1


"@bitauth/libauth@^1.19.1":
  version "1.19.1"
  resolved "https://registry.npmmirror.com/@bitauth/libauth/-/libauth-1.19.1.tgz#713751bbc09815b667f8fe00a1cc5b0f3bf45dd1"
  integrity sha512-R524tD5VwOt3QRHr7N518nqTVR/HKgfWL4LypekcGuNQN8R4PWScvuRcRzrY39A28kLztMv+TJdiKuMNbkU1ug==

"@noble/ed25519@^1.7.1":
  version "1.7.1"
  resolved "https://registry.npmmirror.com/@noble/ed25519/-/ed25519-1.7.1.tgz#6899660f6fbb97798a6fbd227227c4589a454724"
  integrity sha512-Rk4SkJFaXZiznFyC/t77Q0NKS4FL7TLJJsVG2V2oiEq3kJVeTdxysEe/yRWSpnWMe808XRDJ+VFh5pt/FN5plw==

"@supercharge/strings@^2.0.0":
  version "2.0.0"
  resolved "https://registry.npmmirror.com/@supercharge/strings/-/strings-2.0.0.tgz#638289dd8318e9031a4d08fea7c2cdfa70dad08d"
  integrity sha512-x4l2Xfm9Hcag12FBoRtTYQYdgHanL9LMNo9AV2ZDJ6JQyJ7ftgS17DWGEEtsohVhEpAJ0YQk2DeZz0JsdIQuDA==
  dependencies:
    uuid "~9.0.0"

uuid@~9.0.0:
  version "9.0.0"
  resolved "https://registry.npmmirror.com/uuid/-/uuid-9.0.0.tgz#592f550650024a38ceb0c562f2f6aa435761efb5"
  integrity sha512-MXcSTerfPa4uqyzStbRoTgt5XIe3x5+42+q1sDuy3R5MDk66URdLMOZe5aPX/SQd+kuYAh0FdP/pO28IkQyTeg==
